// !$*UTF8*$!
{
	archiveVersion = 1;
	classes = {
	};
	objectVersion = 50;
	objects = {

/* Begin PBXBuildFile section */
		82476C0AF4DA82C5AF4447CD /* Pods_Intents_Handler.framework in Frameworks */ = {isa = PBXBuildFile; fileRef = 964B111F0745337A1468D76F /* Pods_Intents_Handler.framework */; };
		881DADBC21FF57F3009CFFBC /* AppDelegate.swift in Sources */ = {isa = PBXBuildFile; fileRef = 881DADBB21FF57F3009CFFBC /* AppDelegate.swift */; };
		881DADBE21FF57F3009CFFBC /* ViewController.swift in Sources */ = {isa = PBXBuildFile; fileRef = 881DADBD21FF57F3009CFFBC /* ViewController.swift */; };
		881DADC121FF57F3009CFFBC /* Main.storyboard in Resources */ = {isa = PBXBuildFile; fileRef = 881DADBF21FF57F3009CFFBC /* Main.storyboard */; };
		881DADC321FF57F4009CFFBC /* Assets.xcassets in Resources */ = {isa = PBXBuildFile; fileRef = 881DADC221FF57F4009CFFBC /* Assets.xcassets */; };
		881DADC621FF57F4009CFFBC /* LaunchScreen.storyboard in Resources */ = {isa = PBXBuildFile; fileRef = 881DADC421FF57F4009CFFBC /* LaunchScreen.storyboard */; };
		881DADD521FF5B30009CFFBC /* IntentHandler.swift in Sources */ = {isa = PBXBuildFile; fileRef = 881DADD421FF5B30009CFFBC /* IntentHandler.swift */; };
		881DADD921FF5B30009CFFBC /* Intents Handler.appex in Embed App Extensions */ = {isa = PBXBuildFile; fileRef = 881DADD221FF5B2F009CFFBC /* Intents Handler.appex */; settings = {ATTRIBUTES = (RemoveHeadersOnCopy, ); }; };
		881DADDF21FF9B26009CFFBC /* BoardingViewController.swift in Sources */ = {isa = PBXBuildFile; fileRef = 881DADDE21FF9B26009CFFBC /* BoardingViewController.swift */; };
		881DADE121FF9B33009CFFBC /* LandingViewController.swift in Sources */ = {isa = PBXBuildFile; fileRef = 881DADE021FF9B33009CFFBC /* LandingViewController.swift */; };
		881DADE321FF9B3C009CFFBC /* EmergencyViewController.swift in Sources */ = {isa = PBXBuildFile; fileRef = 881DADE221FF9B3C009CFFBC /* EmergencyViewController.swift */; };
		881DADEA2202242E009CFFBC /* GoogleService-Info.plist in Resources */ = {isa = PBXBuildFile; fileRef = 881DADE92202242E009CFFBC /* GoogleService-Info.plist */; };
		D28836482DD005E89BBC86F0 /* Pods_Intents_Handler_IOSSiriTest.framework in Frameworks */ = {isa = PBXBuildFile; fileRef = 6319C93F16D292EADA56D206 /* Pods_Intents_Handler_IOSSiriTest.framework */; };
/* End PBXBuildFile section */

/* Begin PBXContainerItemProxy section */
		881DADD721FF5B30009CFFBC /* PBXContainerItemProxy */ = {
			isa = PBXContainerItemProxy;
			containerPortal = 881DADB021FF57F3009CFFBC /* Project object */;
			proxyType = 1;
			remoteGlobalIDString = 881DADD121FF5B2F009CFFBC;
			remoteInfo = "Intents Handler";
		};
/* End PBXContainerItemProxy section */

/* Begin PBXCopyFilesBuildPhase section */
		881DADDD21FF5B30009CFFBC /* Embed App Extensions */ = {
			isa = PBXCopyFilesBuildPhase;
			buildActionMask = 2147483647;
			dstPath = "";
			dstSubfolderSpec = 13;
			files = (
				881DADD921FF5B30009CFFBC /* Intents Handler.appex in Embed App Extensions */,
			);
			name = "Embed App Extensions";
			runOnlyForDeploymentPostprocessing = 0;
		};
/* End PBXCopyFilesBuildPhase section */

/* Begin PBXFileReference section */
		2FB952FB247F496E6A4F9D19 /* Pods-Intents Handler.release.xcconfig */ = {isa = PBXFileReference; includeInIndex = 1; lastKnownFileType = text.xcconfig; name = "Pods-Intents Handler.release.xcconfig"; path = "Target Support Files/Pods-Intents Handler/Pods-Intents Handler.release.xcconfig"; sourceTree = "<group>"; };
		6319C93F16D292EADA56D206 /* Pods_Intents_Handler_IOSSiriTest.framework */ = {isa = PBXFileReference; explicitFileType = wrapper.framework; includeInIndex = 0; path = Pods_Intents_Handler_IOSSiriTest.framework; sourceTree = BUILT_PRODUCTS_DIR; };
		740CF73BA9D5EBB593B966FC /* Pods-Intents Handler-IOSSiriTest.debug.xcconfig */ = {isa = PBXFileReference; includeInIndex = 1; lastKnownFileType = text.xcconfig; name = "Pods-Intents Handler-IOSSiriTest.debug.xcconfig"; path = "Target Support Files/Pods-Intents Handler-IOSSiriTest/Pods-Intents Handler-IOSSiriTest.debug.xcconfig"; sourceTree = "<group>"; };
		881DADB821FF57F3009CFFBC /* IOSSiriTest.app */ = {isa = PBXFileReference; explicitFileType = wrapper.application; includeInIndex = 0; path = IOSSiriTest.app; sourceTree = BUILT_PRODUCTS_DIR; };
		881DADBB21FF57F3009CFFBC /* AppDelegate.swift */ = {isa = PBXFileReference; lastKnownFileType = sourcecode.swift; path = AppDelegate.swift; sourceTree = "<group>"; };
		881DADBD21FF57F3009CFFBC /* ViewController.swift */ = {isa = PBXFileReference; lastKnownFileType = sourcecode.swift; path = ViewController.swift; sourceTree = "<group>"; };
		881DADC021FF57F3009CFFBC /* Base */ = {isa = PBXFileReference; lastKnownFileType = file.storyboard; name = Base; path = Base.lproj/Main.storyboard; sourceTree = "<group>"; };
		881DADC221FF57F4009CFFBC /* Assets.xcassets */ = {isa = PBXFileReference; lastKnownFileType = folder.assetcatalog; path = Assets.xcassets; sourceTree = "<group>"; };
		881DADC521FF57F4009CFFBC /* Base */ = {isa = PBXFileReference; lastKnownFileType = file.storyboard; name = Base; path = Base.lproj/LaunchScreen.storyboard; sourceTree = "<group>"; };
		881DADC721FF57F4009CFFBC /* Info.plist */ = {isa = PBXFileReference; lastKnownFileType = text.plist.xml; path = Info.plist; sourceTree = "<group>"; };
		881DADCD21FF580A009CFFBC /* IOSSiriTest.entitlements */ = {isa = PBXFileReference; lastKnownFileType = text.plist.entitlements; path = IOSSiriTest.entitlements; sourceTree = "<group>"; };
		881DADD221FF5B2F009CFFBC /* Intents Handler.appex */ = {isa = PBXFileReference; explicitFileType = "wrapper.app-extension"; includeInIndex = 0; path = "Intents Handler.appex"; sourceTree = BUILT_PRODUCTS_DIR; };
		881DADD421FF5B30009CFFBC /* IntentHandler.swift */ = {isa = PBXFileReference; lastKnownFileType = sourcecode.swift; path = IntentHandler.swift; sourceTree = "<group>"; };
		881DADD621FF5B30009CFFBC /* Info.plist */ = {isa = PBXFileReference; lastKnownFileType = text.plist.xml; path = Info.plist; sourceTree = "<group>"; };
		881DADDE21FF9B26009CFFBC /* BoardingViewController.swift */ = {isa = PBXFileReference; lastKnownFileType = sourcecode.swift; path = BoardingViewController.swift; sourceTree = "<group>"; };
		881DADE021FF9B33009CFFBC /* LandingViewController.swift */ = {isa = PBXFileReference; lastKnownFileType = sourcecode.swift; path = LandingViewController.swift; sourceTree = "<group>"; };
		881DADE221FF9B3C009CFFBC /* EmergencyViewController.swift */ = {isa = PBXFileReference; lastKnownFileType = sourcecode.swift; path = EmergencyViewController.swift; sourceTree = "<group>"; };
		881DADE92202242E009CFFBC /* GoogleService-Info.plist */ = {isa = PBXFileReference; fileEncoding = 4; lastKnownFileType = text.plist.xml; path = "GoogleService-Info.plist"; sourceTree = "<group>"; };
		8D4D999620E1E74A0DD16905 /* Pods-Intents Handler-IOSSiriTest.release.xcconfig */ = {isa = PBXFileReference; includeInIndex = 1; lastKnownFileType = text.xcconfig; name = "Pods-Intents Handler-IOSSiriTest.release.xcconfig"; path = "Target Support Files/Pods-Intents Handler-IOSSiriTest/Pods-Intents Handler-IOSSiriTest.release.xcconfig"; sourceTree = "<group>"; };
		964B111F0745337A1468D76F /* Pods_Intents_Handler.framework */ = {isa = PBXFileReference; explicitFileType = wrapper.framework; includeInIndex = 0; path = Pods_Intents_Handler.framework; sourceTree = BUILT_PRODUCTS_DIR; };
		CCE052EA1CE9EA5A15D036E2 /* Pods-Intents Handler.debug.xcconfig */ = {isa = PBXFileReference; includeInIndex = 1; lastKnownFileType = text.xcconfig; name = "Pods-Intents Handler.debug.xcconfig"; path = "Target Support Files/Pods-Intents Handler/Pods-Intents Handler.debug.xcconfig"; sourceTree = "<group>"; };
/* End PBXFileReference section */

/* Begin PBXFrameworksBuildPhase section */
		881DADB521FF57F3009CFFBC /* Frameworks */ = {
			isa = PBXFrameworksBuildPhase;
			buildActionMask = 2147483647;
			files = (
				D28836482DD005E89BBC86F0 /* Pods_Intents_Handler_IOSSiriTest.framework in Frameworks */,
			);
			runOnlyForDeploymentPostprocessing = 0;
		};
		881DADCF21FF5B2F009CFFBC /* Frameworks */ = {
			isa = PBXFrameworksBuildPhase;
			buildActionMask = 2147483647;
			files = (
				82476C0AF4DA82C5AF4447CD /* Pods_Intents_Handler.framework in Frameworks */,
			);
			runOnlyForDeploymentPostprocessing = 0;
		};
/* End PBXFrameworksBuildPhase section */

/* Begin PBXGroup section */
		347C8941CF419EF9D239A775 /* Frameworks */ = {
			isa = PBXGroup;
			children = (
				964B111F0745337A1468D76F /* Pods_Intents_Handler.framework */,
				6319C93F16D292EADA56D206 /* Pods_Intents_Handler_IOSSiriTest.framework */,
			);
			name = Frameworks;
			sourceTree = "<group>";
		};
		6C9532CD7301BC8E89D8F670 /* Pods */ = {
			isa = PBXGroup;
			children = (
				CCE052EA1CE9EA5A15D036E2 /* Pods-Intents Handler.debug.xcconfig */,
				2FB952FB247F496E6A4F9D19 /* Pods-Intents Handler.release.xcconfig */,
				740CF73BA9D5EBB593B966FC /* Pods-Intents Handler-IOSSiriTest.debug.xcconfig */,
				8D4D999620E1E74A0DD16905 /* Pods-Intents Handler-IOSSiriTest.release.xcconfig */,
			);
			path = Pods;
			sourceTree = "<group>";
		};
		881DADAF21FF57F3009CFFBC = {
			isa = PBXGroup;
			children = (
				881DADBA21FF57F3009CFFBC /* IOSSiriTest */,
				881DADD321FF5B2F009CFFBC /* Intents Handler */,
				881DADB921FF57F3009CFFBC /* Products */,
				6C9532CD7301BC8E89D8F670 /* Pods */,
				347C8941CF419EF9D239A775 /* Frameworks */,
			);
			sourceTree = "<group>";
		};
		881DADB921FF57F3009CFFBC /* Products */ = {
			isa = PBXGroup;
			children = (
				881DADB821FF57F3009CFFBC /* IOSSiriTest.app */,
				881DADD221FF5B2F009CFFBC /* Intents Handler.appex */,
			);
			name = Products;
			sourceTree = "<group>";
		};
		881DADBA21FF57F3009CFFBC /* IOSSiriTest */ = {
			isa = PBXGroup;
			children = (
				881DADCD21FF580A009CFFBC /* IOSSiriTest.entitlements */,
				881DADBB21FF57F3009CFFBC /* AppDelegate.swift */,
				881DADDE21FF9B26009CFFBC /* BoardingViewController.swift */,
				881DADE021FF9B33009CFFBC /* LandingViewController.swift */,
				881DADE221FF9B3C009CFFBC /* EmergencyViewController.swift */,
				881DADBD21FF57F3009CFFBC /* ViewController.swift */,
				881DADBF21FF57F3009CFFBC /* Main.storyboard */,
				881DADC221FF57F4009CFFBC /* Assets.xcassets */,
				881DADC421FF57F4009CFFBC /* LaunchScreen.storyboard */,
				881DADC721FF57F4009CFFBC /* Info.plist */,
				881DADE92202242E009CFFBC /* GoogleService-Info.plist */,
			);
			path = IOSSiriTest;
			sourceTree = "<group>";
		};
		881DADD321FF5B2F009CFFBC /* Intents Handler */ = {
			isa = PBXGroup;
			children = (
				881DADD421FF5B30009CFFBC /* IntentHandler.swift */,
				881DADD621FF5B30009CFFBC /* Info.plist */,
			);
			path = "Intents Handler";
			sourceTree = "<group>";
		};
/* End PBXGroup section */

/* Begin PBXNativeTarget section */
		881DADB721FF57F3009CFFBC /* IOSSiriTest */ = {
			isa = PBXNativeTarget;
			buildConfigurationList = 881DADCA21FF57F4009CFFBC /* Build configuration list for PBXNativeTarget "IOSSiriTest" */;
			buildPhases = (
				1745E85AE3C6DD68E644D8D5 /* [CP] Check Pods Manifest.lock */,
				881DADB421FF57F3009CFFBC /* Sources */,
				881DADB521FF57F3009CFFBC /* Frameworks */,
				881DADB621FF57F3009CFFBC /* Resources */,
				881DADDD21FF5B30009CFFBC /* Embed App Extensions */,
				9EC23F8E21C9C32551B93F39 /* [CP] Embed Pods Frameworks */,
				881DADEB220226CE009CFFBC /* ShellScript */,
			);
			buildRules = (
			);
			dependencies = (
				881DADD821FF5B30009CFFBC /* PBXTargetDependency */,
			);
			name = IOSSiriTest;
			productName = IOSSiriTest;
			productReference = 881DADB821FF57F3009CFFBC /* IOSSiriTest.app */;
			productType = "com.apple.product-type.application";
		};
		881DADD121FF5B2F009CFFBC /* Intents Handler */ = {
			isa = PBXNativeTarget;
			buildConfigurationList = 881DADDA21FF5B30009CFFBC /* Build configuration list for PBXNativeTarget "Intents Handler" */;
			buildPhases = (
				357FA9B34D3FA43353BE98FA /* [CP] Check Pods Manifest.lock */,
				881DADCE21FF5B2F009CFFBC /* Sources */,
				881DADCF21FF5B2F009CFFBC /* Frameworks */,
				881DADD021FF5B2F009CFFBC /* Resources */,
			);
			buildRules = (
			);
			dependencies = (
			);
			name = "Intents Handler";
			productName = "Intents Handler";
			productReference = 881DADD221FF5B2F009CFFBC /* Intents Handler.appex */;
			productType = "com.apple.product-type.app-extension";
		};
/* End PBXNativeTarget section */

/* Begin PBXProject section */
		881DADB021FF57F3009CFFBC /* Project object */ = {
			isa = PBXProject;
			attributes = {
				LastSwiftUpdateCheck = 1010;
				LastUpgradeCheck = 1010;
				ORGANIZATIONNAME = "Jose Gonzalez";
				TargetAttributes = {
					881DADB721FF57F3009CFFBC = {
						CreatedOnToolsVersion = 10.1;
						SystemCapabilities = {
							com.apple.Siri = {
								enabled = 1;
							};
						};
					};
					881DADD121FF5B2F009CFFBC = {
						CreatedOnToolsVersion = 10.1;
					};
				};
			};
			buildConfigurationList = 881DADB321FF57F3009CFFBC /* Build configuration list for PBXProject "IOSSiriTest" */;
			compatibilityVersion = "Xcode 9.3";
			developmentRegion = en;
			hasScannedForEncodings = 0;
			knownRegions = (
				en,
				Base,
			);
			mainGroup = 881DADAF21FF57F3009CFFBC;
			productRefGroup = 881DADB921FF57F3009CFFBC /* Products */;
			projectDirPath = "";
			projectRoot = "";
			targets = (
				881DADB721FF57F3009CFFBC /* IOSSiriTest */,
				881DADD121FF5B2F009CFFBC /* Intents Handler */,
			);
		};
/* End PBXProject section */

/* Begin PBXResourcesBuildPhase section */
		881DADB621FF57F3009CFFBC /* Resources */ = {
			isa = PBXResourcesBuildPhase;
			buildActionMask = 2147483647;
			files = (
				881DADC621FF57F4009CFFBC /* LaunchScreen.storyboard in Resources */,
				881DADEA2202242E009CFFBC /* GoogleService-Info.plist in Resources */,
				881DADC321FF57F4009CFFBC /* Assets.xcassets in Resources */,
				881DADC121FF57F3009CFFBC /* Main.storyboard in Resources */,
			);
			runOnlyForDeploymentPostprocessing = 0;
		};
		881DADD021FF5B2F009CFFBC /* Resources */ = {
			isa = PBXResourcesBuildPhase;
			buildActionMask = 2147483647;
			files = (
			);
			runOnlyForDeploymentPostprocessing = 0;
		};
/* End PBXResourcesBuildPhase section */

/* Begin PBXShellScriptBuildPhase section */
		1745E85AE3C6DD68E644D8D5 /* [CP] Check Pods Manifest.lock */ = {
			isa = PBXShellScriptBuildPhase;
			buildActionMask = 2147483647;
			files = (
			);
			inputFileListPaths = (
			);
			inputPaths = (
				"${PODS_PODFILE_DIR_PATH}/Podfile.lock",
				"${PODS_ROOT}/Manifest.lock",
			);
			name = "[CP] Check Pods Manifest.lock";
			outputFileListPaths = (
			);
			outputPaths = (
				"$(DERIVED_FILE_DIR)/Pods-Intents Handler-IOSSiriTest-checkManifestLockResult.txt",
			);
			runOnlyForDeploymentPostprocessing = 0;
			shellPath = /bin/sh;
			shellScript = "diff \"${PODS_PODFILE_DIR_PATH}/Podfile.lock\" \"${PODS_ROOT}/Manifest.lock\" > /dev/null\nif [ $? != 0 ] ; then\n    # print error to STDERR\n    echo \"error: The sandbox is not in sync with the Podfile.lock. Run 'pod install' or update your CocoaPods installation.\" >&2\n    exit 1\nfi\n# This output is used by Xcode 'outputs' to avoid re-running this script phase.\necho \"SUCCESS\" > \"${SCRIPT_OUTPUT_FILE_0}\"\n";
			showEnvVarsInLog = 0;
		};
		357FA9B34D3FA43353BE98FA /* [CP] Check Pods Manifest.lock */ = {
			isa = PBXShellScriptBuildPhase;
			buildActionMask = 2147483647;
			files = (
			);
			inputFileListPaths = (
			);
			inputPaths = (
				"${PODS_PODFILE_DIR_PATH}/Podfile.lock",
				"${PODS_ROOT}/Manifest.lock",
			);
			name = "[CP] Check Pods Manifest.lock";
			outputFileListPaths = (
			);
			outputPaths = (
				"$(DERIVED_FILE_DIR)/Pods-Intents Handler-checkManifestLockResult.txt",
			);
			runOnlyForDeploymentPostprocessing = 0;
			shellPath = /bin/sh;
			shellScript = "diff \"${PODS_PODFILE_DIR_PATH}/Podfile.lock\" \"${PODS_ROOT}/Manifest.lock\" > /dev/null\nif [ $? != 0 ] ; then\n    # print error to STDERR\n    echo \"error: The sandbox is not in sync with the Podfile.lock. Run 'pod install' or update your CocoaPods installation.\" >&2\n    exit 1\nfi\n# This output is used by Xcode 'outputs' to avoid re-running this script phase.\necho \"SUCCESS\" > \"${SCRIPT_OUTPUT_FILE_0}\"\n";
			showEnvVarsInLog = 0;
		};
		881DADEB220226CE009CFFBC /* ShellScript */ = {
			isa = PBXShellScriptBuildPhase;
			buildActionMask = 2147483647;
			files = (
			);
			inputFileListPaths = (
			);
			inputPaths = (
				"$(BUILT_PRODUCTS_DIR)/$(INFOPLIST_PATH)",
			);
			outputFileListPaths = (
			);
			outputPaths = (
			);
			runOnlyForDeploymentPostprocessing = 0;
			shellPath = /bin/sh;
			shellScript = "\"${PODS_ROOT}/Fabric/run\"\n";
		};
		9EC23F8E21C9C32551B93F39 /* [CP] Embed Pods Frameworks */ = {
			isa = PBXShellScriptBuildPhase;
			buildActionMask = 2147483647;
			files = (
			);
			inputFileListPaths = (
			);
			inputPaths = (
				"${PODS_ROOT}/Target Support Files/Pods-Intents Handler-IOSSiriTest/Pods-Intents Handler-IOSSiriTest-frameworks.sh",
				"${BUILT_PRODUCTS_DIR}/GoogleUtilities/GoogleUtilities.framework",
				"${BUILT_PRODUCTS_DIR}/nanopb/nanopb.framework",
			);
			name = "[CP] Embed Pods Frameworks";
			outputFileListPaths = (
			);
			outputPaths = (
				"${TARGET_BUILD_DIR}/${FRAMEWORKS_FOLDER_PATH}/GoogleUtilities.framework",
				"${TARGET_BUILD_DIR}/${FRAMEWORKS_FOLDER_PATH}/nanopb.framework",
			);
			runOnlyForDeploymentPostprocessing = 0;
			shellPath = /bin/sh;
			shellScript = "\"${PODS_ROOT}/Target Support Files/Pods-Intents Handler-IOSSiriTest/Pods-Intents Handler-IOSSiriTest-frameworks.sh\"\n";
			showEnvVarsInLog = 0;
		};
/* End PBXShellScriptBuildPhase section */

/* Begin PBXSourcesBuildPhase section */
		881DADB421FF57F3009CFFBC /* Sources */ = {
			isa = PBXSourcesBuildPhase;
			buildActionMask = 2147483647;
			files = (
				881DADDF21FF9B26009CFFBC /* BoardingViewController.swift in Sources */,
				881DADBE21FF57F3009CFFBC /* ViewController.swift in Sources */,
				881DADE121FF9B33009CFFBC /* LandingViewController.swift in Sources */,
				881DADBC21FF57F3009CFFBC /* AppDelegate.swift in Sources */,
				881DADE321FF9B3C009CFFBC /* EmergencyViewController.swift in Sources */,
			);
			runOnlyForDeploymentPostprocessing = 0;
		};
		881DADCE21FF5B2F009CFFBC /* Sources */ = {
			isa = PBXSourcesBuildPhase;
			buildActionMask = 2147483647;
			files = (
				881DADD521FF5B30009CFFBC /* IntentHandler.swift in Sources */,
			);
			runOnlyForDeploymentPostprocessing = 0;
		};
/* End PBXSourcesBuildPhase section */

/* Begin PBXTargetDependency section */
		881DADD821FF5B30009CFFBC /* PBXTargetDependency */ = {
			isa = PBXTargetDependency;
			target = 881DADD121FF5B2F009CFFBC /* Intents Handler */;
			targetProxy = 881DADD721FF5B30009CFFBC /* PBXContainerItemProxy */;
		};
/* End PBXTargetDependency section */

/* Begin PBXVariantGroup section */
		881DADBF21FF57F3009CFFBC /* Main.storyboard */ = {
			isa = PBXVariantGroup;
			children = (
				881DADC021FF57F3009CFFBC /* Base */,
			);
			name = Main.storyboard;
			sourceTree = "<group>";
		};
		881DADC421FF57F4009CFFBC /* LaunchScreen.storyboard */ = {
			isa = PBXVariantGroup;
			children = (
				881DADC521FF57F4009CFFBC /* Base */,
			);
			name = LaunchScreen.storyboard;
			sourceTree = "<group>";
		};
/* End PBXVariantGroup section */

/* Begin XCBuildConfiguration section */
		881DADC821FF57F4009CFFBC /* Debug */ = {
			isa = XCBuildConfiguration;
			buildSettings = {
				ALWAYS_SEARCH_USER_PATHS = NO;
				CLANG_ANALYZER_NONNULL = YES;
				CLANG_ANALYZER_NUMBER_OBJECT_CONVERSION = YES_AGGRESSIVE;
				CLANG_CXX_LANGUAGE_STANDARD = "gnu++14";
				CLANG_CXX_LIBRARY = "libc++";
				CLANG_ENABLE_MODULES = YES;
				CLANG_ENABLE_OBJC_ARC = YES;
				CLANG_ENABLE_OBJC_WEAK = YES;
				CLANG_WARN_BLOCK_CAPTURE_AUTORELEASING = YES;
				CLANG_WARN_BOOL_CONVERSION = YES;
				CLANG_WARN_COMMA = YES;
				CLANG_WARN_CONSTANT_CONVERSION = YES;
				CLANG_WARN_DEPRECATED_OBJC_IMPLEMENTATIONS = YES;
				CLANG_WARN_DIRECT_OBJC_ISA_USAGE = YES_ERROR;
				CLANG_WARN_DOCUMENTATION_COMMENTS = YES;
				CLANG_WARN_EMPTY_BODY = YES;
				CLANG_WARN_ENUM_CONVERSION = YES;
				CLANG_WARN_INFINITE_RECURSION = YES;
				CLANG_WARN_INT_CONVERSION = YES;
				CLANG_WARN_NON_LITERAL_NULL_CONVERSION = YES;
				CLANG_WARN_OBJC_IMPLICIT_RETAIN_SELF = YES;
				CLANG_WARN_OBJC_LITERAL_CONVERSION = YES;
				CLANG_WARN_OBJC_ROOT_CLASS = YES_ERROR;
				CLANG_WARN_RANGE_LOOP_ANALYSIS = YES;
				CLANG_WARN_STRICT_PROTOTYPES = YES;
				CLANG_WARN_SUSPICIOUS_MOVE = YES;
				CLANG_WARN_UNGUARDED_AVAILABILITY = YES_AGGRESSIVE;
				CLANG_WARN_UNREACHABLE_CODE = YES;
				CLANG_WARN__DUPLICATE_METHOD_MATCH = YES;
				CODE_SIGN_IDENTITY = "iPhone Developer";
				COPY_PHASE_STRIP = NO;
				DEBUG_INFORMATION_FORMAT = "dwarf-with-dsym";
				ENABLE_STRICT_OBJC_MSGSEND = YES;
				ENABLE_TESTABILITY = YES;
				GCC_C_LANGUAGE_STANDARD = gnu11;
				GCC_DYNAMIC_NO_PIC = NO;
				GCC_NO_COMMON_BLOCKS = YES;
				GCC_OPTIMIZATION_LEVEL = 0;
				GCC_PREPROCESSOR_DEFINITIONS = (
					"DEBUG=1",
					"$(inherited)",
				);
				GCC_WARN_64_TO_32_BIT_CONVERSION = YES;
				GCC_WARN_ABOUT_RETURN_TYPE = YES_ERROR;
				GCC_WARN_UNDECLARED_SELECTOR = YES;
				GCC_WARN_UNINITIALIZED_AUTOS = YES_AGGRESSIVE;
				GCC_WARN_UNUSED_FUNCTION = YES;
				GCC_WARN_UNUSED_VARIABLE = YES;
				IPHONEOS_DEPLOYMENT_TARGET = 12.1;
				MTL_ENABLE_DEBUG_INFO = INCLUDE_SOURCE;
				MTL_FAST_MATH = YES;
				ONLY_ACTIVE_ARCH = YES;
				SDKROOT = iphoneos;
				SWIFT_ACTIVE_COMPILATION_CONDITIONS = DEBUG;
				SWIFT_OPTIMIZATION_LEVEL = "-Onone";
			};
			name = Debug;
		};
		881DADC921FF57F4009CFFBC /* Release */ = {
			isa = XCBuildConfiguration;
			buildSettings = {
				ALWAYS_SEARCH_USER_PATHS = NO;
				CLANG_ANALYZER_NONNULL = YES;
				CLANG_ANALYZER_NUMBER_OBJECT_CONVERSION = YES_AGGRESSIVE;
				CLANG_CXX_LANGUAGE_STANDARD = "gnu++14";
				CLANG_CXX_LIBRARY = "libc++";
				CLANG_ENABLE_MODULES = YES;
				CLANG_ENABLE_OBJC_ARC = YES;
				CLANG_ENABLE_OBJC_WEAK = YES;
				CLANG_WARN_BLOCK_CAPTURE_AUTORELEASING = YES;
				CLANG_WARN_BOOL_CONVERSION = YES;
				CLANG_WARN_COMMA = YES;
				CLANG_WARN_CONSTANT_CONVERSION = YES;
				CLANG_WARN_DEPRECATED_OBJC_IMPLEMENTATIONS = YES;
				CLANG_WARN_DIRECT_OBJC_ISA_USAGE = YES_ERROR;
				CLANG_WARN_DOCUMENTATION_COMMENTS = YES;
				CLANG_WARN_EMPTY_BODY = YES;
				CLANG_WARN_ENUM_CONVERSION = YES;
				CLANG_WARN_INFINITE_RECURSION = YES;
				CLANG_WARN_INT_CONVERSION = YES;
				CLANG_WARN_NON_LITERAL_NULL_CONVERSION = YES;
				CLANG_WARN_OBJC_IMPLICIT_RETAIN_SELF = YES;
				CLANG_WARN_OBJC_LITERAL_CONVERSION = YES;
				CLANG_WARN_OBJC_ROOT_CLASS = YES_ERROR;
				CLANG_WARN_RANGE_LOOP_ANALYSIS = YES;
				CLANG_WARN_STRICT_PROTOTYPES = YES;
				CLANG_WARN_SUSPICIOUS_MOVE = YES;
				CLANG_WARN_UNGUARDED_AVAILABILITY = YES_AGGRESSIVE;
				CLANG_WARN_UNREACHABLE_CODE = YES;
				CLANG_WARN__DUPLICATE_METHOD_MATCH = YES;
				CODE_SIGN_IDENTITY = "iPhone Developer";
				COPY_PHASE_STRIP = NO;
				DEBUG_INFORMATION_FORMAT = "dwarf-with-dsym";
				ENABLE_NS_ASSERTIONS = NO;
				ENABLE_STRICT_OBJC_MSGSEND = YES;
				GCC_C_LANGUAGE_STANDARD = gnu11;
				GCC_NO_COMMON_BLOCKS = YES;
				GCC_WARN_64_TO_32_BIT_CONVERSION = YES;
				GCC_WARN_ABOUT_RETURN_TYPE = YES_ERROR;
				GCC_WARN_UNDECLARED_SELECTOR = YES;
				GCC_WARN_UNINITIALIZED_AUTOS = YES_AGGRESSIVE;
				GCC_WARN_UNUSED_FUNCTION = YES;
				GCC_WARN_UNUSED_VARIABLE = YES;
				IPHONEOS_DEPLOYMENT_TARGET = 12.1;
				MTL_ENABLE_DEBUG_INFO = NO;
				MTL_FAST_MATH = YES;
				SDKROOT = iphoneos;
				SWIFT_COMPILATION_MODE = wholemodule;
				SWIFT_OPTIMIZATION_LEVEL = "-O";
				VALIDATE_PRODUCT = YES;
			};
			name = Release;
		};
		881DADCB21FF57F4009CFFBC /* Debug */ = {
			isa = XCBuildConfiguration;
			baseConfigurationReference = 740CF73BA9D5EBB593B966FC /* Pods-Intents Handler-IOSSiriTest.debug.xcconfig */;
			buildSettings = {
				ALWAYS_EMBED_SWIFT_STANDARD_LIBRARIES = YES;
				ASSETCATALOG_COMPILER_APPICON_NAME = AppIcon;
				CODE_SIGN_ENTITLEMENTS = IOSSiriTest/IOSSiriTest.entitlements;
				CODE_SIGN_STYLE = Automatic;
				DEVELOPMENT_TEAM = 2KAGQ44QH8;
				INFOPLIST_FILE = IOSSiriTest/Info.plist;
				LD_RUNPATH_SEARCH_PATHS = (
					"$(inherited)",
					"@executable_path/Frameworks",
				);
				PRODUCT_BUNDLE_IDENTIFIER = Gonet.IOSSiriTest;
				PRODUCT_NAME = "$(TARGET_NAME)";
				SWIFT_VERSION = 4.2;
				TARGETED_DEVICE_FAMILY = "1,2";
			};
			name = Debug;
		};
		881DADCC21FF57F4009CFFBC /* Release */ = {
			isa = XCBuildConfiguration;
			baseConfigurationReference = 8D4D999620E1E74A0DD16905 /* Pods-Intents Handler-IOSSiriTest.release.xcconfig */;
			buildSettings = {
				ALWAYS_EMBED_SWIFT_STANDARD_LIBRARIES = YES;
				ASSETCATALOG_COMPILER_APPICON_NAME = AppIcon;
				CODE_SIGN_ENTITLEMENTS = IOSSiriTest/IOSSiriTest.entitlements;
				CODE_SIGN_STYLE = Automatic;
				DEVELOPMENT_TEAM = 2KAGQ44QH8;
				INFOPLIST_FILE = IOSSiriTest/Info.plist;
				LD_RUNPATH_SEARCH_PATHS = (
					"$(inherited)",
					"@executable_path/Frameworks",
				);
				PRODUCT_BUNDLE_IDENTIFIER = Gonet.IOSSiriTest;
				PRODUCT_NAME = "$(TARGET_NAME)";
				SWIFT_VERSION = 4.2;
				TARGETED_DEVICE_FAMILY = "1,2";
			};
			name = Release;
		};
		881DADDB21FF5B30009CFFBC /* Debug */ = {
			isa = XCBuildConfiguration;
			baseConfigurationReference = CCE052EA1CE9EA5A15D036E2 /* Pods-Intents Handler.debug.xcconfig */;
			buildSettings = {
				CODE_SIGN_STYLE = Automatic;
				DEVELOPMENT_TEAM = 2KAGQ44QH8;
				INFOPLIST_FILE = "Intents Handler/Info.plist";
				LD_RUNPATH_SEARCH_PATHS = (
					"$(inherited)",
					"@executable_path/Frameworks",
					"@executable_path/../../Frameworks",
				);
				PRODUCT_BUNDLE_IDENTIFIER = "Gonet.IOSSiriTest.Intents-Handler";
				PRODUCT_NAME = "$(TARGET_NAME)";
				SKIP_INSTALL = YES;
				SWIFT_VERSION = 4.2;
				TARGETED_DEVICE_FAMILY = "1,2";
			};
			name = Debug;
		};
		881DADDC21FF5B30009CFFBC /* Release */ = {
			isa = XCBuildConfiguration;
			baseConfigurationReference = 2FB952FB247F496E6A4F9D19 /* Pods-Intents Handler.release.xcconfig */;
			buildSettings = {
				CODE_SIGN_STYLE = Automatic;
				DEVELOPMENT_TEAM = 2KAGQ44QH8;
				INFOPLIST_FILE = "Intents Handler/Info.plist";
				LD_RUNPATH_SEARCH_PATHS = (
					"$(inherited)",
					"@executable_path/Frameworks",
					"@executable_path/../../Frameworks",
				);
				PRODUCT_BUNDLE_IDENTIFIER = "Gonet.IOSSiriTest.Intents-Handler";
				PRODUCT_NAME = "$(TARGET_NAME)";
				SKIP_INSTALL = YES;
				SWIFT_VERSION = 4.2;
				TARGETED_DEVICE_FAMILY = "1,2";
			};
			name = Release;
		};
/* End XCBuildConfiguration section */

/* Begin XCConfigurationList section */
		881DADB321FF57F3009CFFBC /* Build configuration list for PBXProject "IOSSiriTest" */ = {
			isa = XCConfigurationList;
			buildConfigurations = (
				881DADC821FF57F4009CFFBC /* Debug */,
				881DADC921FF57F4009CFFBC /* Release */,
			);
			defaultConfigurationIsVisible = 0;
			defaultConfigurationName = Release;
		};
		881DADCA21FF57F4009CFFBC /* Build configuration list for PBXNativeTarget "IOSSiriTest" */ = {
			isa = XCConfigurationList;
			buildConfigurations = (
				881DADCB21FF57F4009CFFBC /* Debug */,
				881DADCC21FF57F4009CFFBC /* Release */,
			);
			defaultConfigurationIsVisible = 0;
			defaultConfigurationName = Release;
		};
		881DADDA21FF5B30009CFFBC /* Build configuration list for PBXNativeTarget "Intents Handler" */ = {
			isa = XCConfigurationList;
			buildConfigurations = (
				881DADDB21FF5B30009CFFBC /* Debug */,
				881DADDC21FF5B30009CFFBC /* Release */,
			);
			defaultConfigurationIsVisible = 0;
			defaultConfigurationName = Release;
		};
/* End XCConfigurationList section */
	};
	rootObject = 881DADB021FF57F3009CFFBC /* Project object */;
}
